// !$*UTF8*$!
{
	archiveVersion = 1;
	classes = {
	};
	objectVersion = 46;
	objects = {

/* Begin PBXBuildFile section */
		1FE9E95116C3193900E4479D /* UIKit.framework in Frameworks */ = {isa = PBXBuildFile; fileRef = 1FE9E95016C3193900E4479D /* UIKit.framework */; };
		1FE9E95316C3193900E4479D /* Foundation.framework in Frameworks */ = {isa = PBXBuildFile; fileRef = 1FE9E95216C3193900E4479D /* Foundation.framework */; };
		1FE9E95516C3193900E4479D /* CoreGraphics.framework in Frameworks */ = {isa = PBXBuildFile; fileRef = 1FE9E95416C3193900E4479D /* CoreGraphics.framework */; };
		1FE9E95B16C3193900E4479D /* InfoPlist.strings in Resources */ = {isa = PBXBuildFile; fileRef = 1FE9E95916C3193900E4479D /* InfoPlist.strings */; };
		1FE9E95D16C3193900E4479D /* main.m in Sources */ = {isa = PBXBuildFile; fileRef = 1FE9E95C16C3193900E4479D /* main.m */; };
		1FE9E96116C3193900E4479D /* RBHypnoAppDelegate.m in Sources */ = {isa = PBXBuildFile; fileRef = 1FE9E96016C3193900E4479D /* RBHypnoAppDelegate.m */; };
/* End PBXBuildFile section */

/* Begin PBXFileReference section */
		1FE9E94C16C3193800E4479D /* RBHypnoTime.app */ = {isa = PBXFileReference; explicitFileType = wrapper.application; includeInIndex = 0; path = RBHypnoTime.app; sourceTree = BUILT_PRODUCTS_DIR; };
		1FE9E95016C3193900E4479D /* UIKit.framework */ = {isa = PBXFileReference; lastKnownFileType = wrapper.framework; name = UIKit.framework; path = System/Library/Frameworks/UIKit.framework; sourceTree = SDKROOT; };
		1FE9E95216C3193900E4479D /* Foundation.framework */ = {isa = PBXFileReference; lastKnownFileType = wrapper.framework; name = Foundation.framework; path = System/Library/Frameworks/Foundation.framework; sourceTree = SDKROOT; };
		1FE9E95416C3193900E4479D /* CoreGraphics.framework */ = {isa = PBXFileReference; lastKnownFileType = wrapper.framework; name = CoreGraphics.framework; path = System/Library/Frameworks/CoreGraphics.framework; sourceTree = SDKROOT; };
		1FE9E95816C3193900E4479D /* RBHypnoTime-Info.plist */ = {isa = PBXFileReference; path = "RBHypnoTime-Info.plist"; sourceTree = "<group>"; };
		1FE9E95A16C3193900E4479D /* en */ = {isa = PBXFileReference; lastKnownFileType = text.plist.strings; name = en; path = en.lproj/InfoPlist.strings; sourceTree = "<group>"; };
		1FE9E95C16C3193900E4479D /* main.m */ = {isa = PBXFileReference; lastKnownFileType = sourcecode.c.objc; path = main.m; sourceTree = "<group>"; };
		1FE9E95E16C3193900E4479D /* RBHypnoTime-Prefix.pch */ = {isa = PBXFileReference; path = "RBHypnoTime-Prefix.pch"; sourceTree = "<group>"; };
		1FE9E95F16C3193900E4479D /* RBHypnoAppDelegate.h */ = {isa = PBXFileReference; path = RBHypnoAppDelegate.h; sourceTree = "<group>"; };
		1FE9E96016C3193900E4479D /* RBHypnoAppDelegate.m */ = {isa = PBXFileReference; lastKnownFileType = sourcecode.c.objc; path = RBHypnoAppDelegate.m; sourceTree = "<group>"; };
/* End PBXFileReference section */

/* Begin PBXFrameworksBuildPhase section */
		1FE9E94916C3193800E4479D /* Frameworks */ = {
			isa = PBXFrameworksBuildPhase;
			buildActionMask = 2147483647;
			files = (
				1FE9E95116C3193900E4479D /* UIKit.framework in Frameworks */,
				1FE9E95316C3193900E4479D /* Foundation.framework in Frameworks */,
				1FE9E95516C3193900E4479D /* CoreGraphics.framework in Frameworks */,
			);
			runOnlyForDeploymentPostprocessing = 0;
		};
/* End PBXFrameworksBuildPhase section */

/* Begin PBXGroup section */
		1FE9E94116C3193800E4479D = {
			isa = PBXGroup;
			children = (
				1FE9E95616C3193900E4479D /* RBHypnoTime */,
				1FE9E94F16C3193900E4479D /* Frameworks */,
				1FE9E94D16C3193800E4479D /* Products */,
			);
			sourceTree = "<group>";
		};
		1FE9E94D16C3193800E4479D /* Products */ = {
			isa = PBXGroup;
			children = (
				1FE9E94C16C3193800E4479D /* RBHypnoTime.app */,
			);
			name = Products;
			sourceTree = "<group>";
		};
		1FE9E94F16C3193900E4479D /* Frameworks */ = {
			isa = PBXGroup;
			children = (
				1FE9E95016C3193900E4479D /* UIKit.framework */,
				1FE9E95216C3193900E4479D /* Foundation.framework */,
				1FE9E95416C3193900E4479D /* CoreGraphics.framework */,
			);
			name = Frameworks;
			sourceTree = "<group>";
		};
		1FE9E95616C3193900E4479D /* RBHypnoTime */ = {
			isa = PBXGroup;
			children = (
				1FE9E95F16C3193900E4479D /* RBHypnoAppDelegate.h */,
				1FE9E96016C3193900E4479D /* RBHypnoAppDelegate.m */,
				1FE9E95716C3193900E4479D /* Supporting Files */,
			);
			path = RBHypnoTime;
			sourceTree = "<group>";
		};
		1FE9E95716C3193900E4479D /* Supporting Files */ = {
			isa = PBXGroup;
			children = (
				1FE9E95816C3193900E4479D /* RBHypnoTime-Info.plist */,
				1FE9E95916C3193900E4479D /* InfoPlist.strings */,
				1FE9E95C16C3193900E4479D /* main.m */,
				1FE9E95E16C3193900E4479D /* RBHypnoTime-Prefix.pch */,
			);
			name = "Supporting Files";
			sourceTree = "<group>";
		};
/* End PBXGroup section */

/* Begin PBXNativeTarget section */
		1FE9E94B16C3193800E4479D /* RBHypnoTime */ = {
			isa = PBXNativeTarget;
			buildConfigurationList = 1FE9E96416C3193900E4479D /* Build configuration list for PBXNativeTarget "RBHypnoTime" */;
			buildPhases = (
				1FE9E94816C3193800E4479D /* Sources */,
				1FE9E94916C3193800E4479D /* Frameworks */,
				1FE9E94A16C3193800E4479D /* Resources */,
			);
			buildRules = (
			);
			dependencies = (
			);
			name = RBHypnoTime;
			productName = RBHypnoTime;
			productReference = 1FE9E94C16C3193800E4479D /* RBHypnoTime.app */;
			productType = "com.apple.product-type.application";
		};
/* End PBXNativeTarget section */

/* Begin PBXProject section */
		1FE9E94316C3193800E4479D /* Project object */ = {
			isa = PBXProject;
			attributes = {
				LastUpgradeCheck = 0420;
				ORGANIZATIONNAME = "France Telecom Group (Orange) San Francisco";
			};
			buildConfigurationList = 1FE9E94616C3193800E4479D /* Build configuration list for PBXProject "RBHypnoTime" */;
			compatibilityVersion = "Xcode 3.2";
			developmentRegion = English;
			hasScannedForEncodings = 0;
			knownRegions = (
				en,
			);
			mainGroup = 1FE9E94116C3193800E4479D;
			productRefGroup = 1FE9E94D16C3193800E4479D /* Products */;
			projectDirPath = "";
			projectRoot = "";
			targets = (
				1FE9E94B16C3193800E4479D /* RBHypnoTime */,
			);
		};
/* End PBXProject section */

/* Begin PBXResourcesBuildPhase section */
		1FE9E94A16C3193800E4479D /* Resources */ = {
			isa = PBXResourcesBuildPhase;
			buildActionMask = 2147483647;
			files = (
				1FE9E95B16C3193900E4479D /* InfoPlist.strings in Resources */,
			);
			runOnlyForDeploymentPostprocessing = 0;
		};
/* End PBXResourcesBuildPhase section */

/* Begin PBXSourcesBuildPhase section */
		1FE9E94816C3193800E4479D /* Sources */ = {
			isa = PBXSourcesBuildPhase;
			buildActionMask = 2147483647;
			files = (
				1FE9E95D16C3193900E4479D /* main.m in Sources */,
				1FE9E96116C3193900E4479D /* RBHypnoAppDelegate.m in Sources */,
			);
			runOnlyForDeploymentPostprocessing = 0;
		};
/* End PBXSourcesBuildPhase section */

/* Begin PBXVariantGroup section */
		1FE9E95916C3193900E4479D /* InfoPlist.strings */ = {
			isa = PBXVariantGroup;
			children = (
				1FE9E95A16C3193900E4479D /* en */,
			);
			name = InfoPlist.strings;
			sourceTree = "<group>";
		};
/* End PBXVariantGroup section */

/* Begin XCBuildConfiguration section */
		1FE9E96216C3193900E4479D /* Debug */ = {
			isa = XCBuildConfiguration;
			buildSettings = {
				ALWAYS_SEARCH_USER_PATHS = NO;
				ARCHS = "$(ARCHS_STANDARD_32_BIT)";
				CLANG_ENABLE_OBJC_ARC = YES;
				"CODE_SIGN_IDENTITY[sdk=iphoneos*]" = "iPhone Developer";
				COPY_PHASE_STRIP = NO;
				GCC_C_LANGUAGE_STANDARD = gnu99;
				GCC_DYNAMIC_NO_PIC = NO;
				GCC_OPTIMIZATION_LEVEL = 0;
				GCC_PREPROCESSOR_DEFINITIONS = (
					"DEBUG=1",
					"$(inherited)",
				);
				GCC_SYMBOLS_PRIVATE_EXTERN = NO;
				GCC_VERSION = com.apple.compilers.llvm.clang.1_0;
				GCC_WARN_ABOUT_MISSING_PROTOTYPES = YES;
				GCC_WARN_ABOUT_RETURN_TYPE = YES;
				GCC_WARN_UNUSED_VARIABLE = YES;
				IPHONEOS_DEPLOYMENT_TARGET = 5.0;
				SDKROOT = iphoneos;
			};
			name = Debug;
		};
		1FE9E96316C3193900E4479D /* Release */ = {
			isa = XCBuildConfiguration;
			buildSettings = {
				ALWAYS_SEARCH_USER_PATHS = NO;
				ARCHS = "$(ARCHS_STANDARD_32_BIT)";
				CLANG_ENABLE_OBJC_ARC = YES;
				"CODE_SIGN_IDENTITY[sdk=iphoneos*]" = "iPhone Developer";
				COPY_PHASE_STRIP = YES;
				GCC_C_LANGUAGE_STANDARD = gnu99;
				GCC_VERSION = com.apple.compilers.llvm.clang.1_0;
				GCC_WARN_ABOUT_MISSING_PROTOTYPES = YES;
				GCC_WARN_ABOUT_RETURN_TYPE = YES;
				GCC_WARN_UNUSED_VARIABLE = YES;
				IPHONEOS_DEPLOYMENT_TARGET = 5.0;
				OTHER_CFLAGS = "-DNS_BLOCK_ASSERTIONS=1";
				SDKROOT = iphoneos;
				VALIDATE_PRODUCT = YES;
			};
			name = Release;
		};
		1FE9E96516C3193900E4479D /* Debug */ = {
			isa = XCBuildConfiguration;
			buildSettings = {
				GCC_PRECOMPILE_PREFIX_HEADER = YES;
				GCC_PREFIX_HEADER = "RBHypnoTime/RBHypnoTime-Prefix.pch";
				INFOPLIST_FILE = "RBHypnoTime/RBHypnoTime-Info.plist";
				PRODUCT_NAME = "$(TARGET_NAME)";
				WRAPPER_EXTENSION = app;
			};
			name = Debug;
		};
		1FE9E96616C3193900E4479D /* Release */ = {
			isa = XCBuildConfiguration;
			buildSettings = {
				GCC_PRECOMPILE_PREFIX_HEADER = YES;
				GCC_PREFIX_HEADER = "RBHypnoTime/RBHypnoTime-Prefix.pch";
				INFOPLIST_FILE = "RBHypnoTime/RBHypnoTime-Info.plist";
				PRODUCT_NAME = "$(TARGET_NAME)";
				WRAPPER_EXTENSION = app;
			};
			name = Release;
		};
/* End XCBuildConfiguration section */

/* Begin XCConfigurationList section */
		1FE9E94616C3193800E4479D /* Build configuration list for PBXProject "RBHypnoTime" */ = {
			isa = XCConfigurationList;
			buildConfigurations = (
				1FE9E96216C3193900E4479D /* Debug */,
				1FE9E96316C3193900E4479D /* Release */,
			);
			defaultConfigurationIsVisible = 0;
			defaultConfigurationName = Release;
		};
		1FE9E96416C3193900E4479D /* Build configuration list for PBXNativeTarget "RBHypnoTime" */ = {
			isa = XCConfigurationList;
			buildConfigurations = (
				1FE9E96516C3193900E4479D /* Debug */,
				1FE9E96616C3193900E4479D /* Release */,
			);
			defaultConfigurationIsVisible = 0;
		};
/* End XCConfigurationList section */
	};
	rootObject = 1FE9E94316C3193800E4479D /* Project object */;
}
